
Microsoft Visual Studio Solution File, Format Version 12.00
# Visual Studio 2017
Project("{FAE04EC0-301F-11D3-BF4B-00C04F79EFBC}") = "SpringHoloSmash2", "SpringHoloSmash2.csproj", "{40CF3226-09BA-607D-C68B-3E04D8595C80}"
EndProject
Project("{FAE04EC0-301F-11D3-BF4B-00C04F79EFBC}") = "SpringHoloSmash2.Plugins", "SpringHoloSmash2.Plugins.csproj", "{E448F06A-EB8D-F872-E459-8F4AC047FE76}"
EndProject
Project("{FAE04EC0-301F-11D3-BF4B-00C04F79EFBC}") = "SpringHoloSmash2.Editor", "SpringHoloSmash2.Editor.csproj", "{3C4D1EEF-D1B0-10DB-E5FE-D47A4F56157F}"
EndProject
Global
	GlobalSection(SolutionConfigurationPlatforms) = preSolution
		Debug|Any CPU = Debug|Any CPU
		Release|Any CPU = Release|Any CPU
	EndGlobalSection
	GlobalSection(ProjectConfigurationPlatforms) = postSolution
		{40CF3226-09BA-607D-C68B-3E04D8595C80}.Debug|Any CPU.ActiveCfg = Debug|Any CPU
		{40CF3226-09BA-607D-C68B-3E04D8595C80}.Debug|Any CPU.Build.0 = Debug|Any CPU
		{40CF3226-09BA-607D-C68B-3E04D8595C80}.Release|Any CPU.ActiveCfg = Release|Any CPU
		{40CF3226-09BA-607D-C68B-3E04D8595C80}.Release|Any CPU.Build.0 = Release|Any CPU
		{E448F06A-EB8D-F872-E459-8F4AC047FE76}.Debug|Any CPU.ActiveCfg = Debug|Any CPU
		{E448F06A-EB8D-F872-E459-8F4AC047FE76}.Debug|Any CPU.Build.0 = Debug|Any CPU
		{E448F06A-EB8D-F872-E459-8F4AC047FE76}.Release|Any CPU.ActiveCfg = Release|Any CPU
		{E448F06A-EB8D-F872-E459-8F4AC047FE76}.Release|Any CPU.Build.0 = Release|Any CPU
		{3C4D1EEF-D1B0-10DB-E5FE-D47A4F56157F}.Debug|Any CPU.ActiveCfg = Debug|Any CPU
		{3C4D1EEF-D1B0-10DB-E5FE-D47A4F56157F}.Debug|Any CPU.Build.0 = Debug|Any CPU
		{3C4D1EEF-D1B0-10DB-E5FE-D47A4F56157F}.Release|Any CPU.ActiveCfg = Release|Any CPU
		{3C4D1EEF-D1B0-10DB-E5FE-D47A4F56157F}.Release|Any CPU.Build.0 = Release|Any CPU
	EndGlobalSection
	GlobalSection(SolutionProperties) = preSolution
		HideSolutionNode = FALSE
	EndGlobalSection
EndGlobal
